// !$*UTF8*$!
{
	archiveVersion = 1;
	classes = {
	};
	objectVersion = 46;
	objects = {

/* Begin PBXBuildFile section */
		E2177A561D01F78800E41116 /* PostListTableViewController.swift in Sources */ = {isa = PBXBuildFile; fileRef = E2177A551D01F78800E41116 /* PostListTableViewController.swift */; };
		E26BDD1E1CFF8A6400EE3526 /* AppDelegate.swift in Sources */ = {isa = PBXBuildFile; fileRef = E26BDD1D1CFF8A6400EE3526 /* AppDelegate.swift */; };
		E26BDD231CFF8A6400EE3526 /* Main.storyboard in Resources */ = {isa = PBXBuildFile; fileRef = E26BDD211CFF8A6400EE3526 /* Main.storyboard */; };
		E26BDD251CFF8A6400EE3526 /* Assets.xcassets in Resources */ = {isa = PBXBuildFile; fileRef = E26BDD241CFF8A6400EE3526 /* Assets.xcassets */; };
		E26BDD281CFF8A6400EE3526 /* LaunchScreen.storyboard in Resources */ = {isa = PBXBuildFile; fileRef = E26BDD261CFF8A6400EE3526 /* LaunchScreen.storyboard */; };
		E26BDD301CFF8C4400EE3526 /* Network Controller.swift in Sources */ = {isa = PBXBuildFile; fileRef = E26BDD2F1CFF8C4400EE3526 /* Network Controller.swift */; };
		E26BDD321CFF8EA300EE3526 /* Post.swift in Sources */ = {isa = PBXBuildFile; fileRef = E26BDD311CFF8EA300EE3526 /* Post.swift */; };
		E27C00E31D00E4A500D9F5FD /* PostController.swift in Sources */ = {isa = PBXBuildFile; fileRef = E27C00E21D00E4A500D9F5FD /* PostController.swift */; };
/* End PBXBuildFile section */

/* Begin PBXFileReference section */
		E2177A551D01F78800E41116 /* PostListTableViewController.swift */ = {isa = PBXFileReference; fileEncoding = 4; lastKnownFileType = sourcecode.swift; path = PostListTableViewController.swift; sourceTree = "<group>"; };
		E26BDD1A1CFF8A6400EE3526 /* Post.app */ = {isa = PBXFileReference; explicitFileType = wrapper.application; includeInIndex = 0; path = Post.app; sourceTree = BUILT_PRODUCTS_DIR; };
		E26BDD1D1CFF8A6400EE3526 /* AppDelegate.swift */ = {isa = PBXFileReference; lastKnownFileType = sourcecode.swift; path = AppDelegate.swift; sourceTree = "<group>"; };
		E26BDD221CFF8A6400EE3526 /* Base */ = {isa = PBXFileReference; lastKnownFileType = file.storyboard; name = Base; path = Base.lproj/Main.storyboard; sourceTree = "<group>"; };
		E26BDD241CFF8A6400EE3526 /* Assets.xcassets */ = {isa = PBXFileReference; lastKnownFileType = folder.assetcatalog; path = Assets.xcassets; sourceTree = "<group>"; };
		E26BDD271CFF8A6400EE3526 /* Base */ = {isa = PBXFileReference; lastKnownFileType = file.storyboard; name = Base; path = Base.lproj/LaunchScreen.storyboard; sourceTree = "<group>"; };
		E26BDD291CFF8A6400EE3526 /* Info.plist */ = {isa = PBXFileReference; lastKnownFileType = text.plist.xml; path = Info.plist; sourceTree = "<group>"; };
		E26BDD2F1CFF8C4400EE3526 /* Network Controller.swift */ = {isa = PBXFileReference; fileEncoding = 4; lastKnownFileType = sourcecode.swift; name = "Network Controller.swift"; path = "../Network Controller.swift"; sourceTree = "<group>"; };
		E26BDD311CFF8EA300EE3526 /* Post.swift */ = {isa = PBXFileReference; fileEncoding = 4; lastKnownFileType = sourcecode.swift; path = Post.swift; sourceTree = "<group>"; };
		E27C00E21D00E4A500D9F5FD /* PostController.swift */ = {isa = PBXFileReference; fileEncoding = 4; lastKnownFileType = sourcecode.swift; path = PostController.swift; sourceTree = "<group>"; };
/* End PBXFileReference section */

/* Begin PBXFrameworksBuildPhase section */
		E26BDD171CFF8A6400EE3526 /* Frameworks */ = {
			isa = PBXFrameworksBuildPhase;
			buildActionMask = 2147483647;
			files = (
			);
			runOnlyForDeploymentPostprocessing = 0;
		};
/* End PBXFrameworksBuildPhase section */

/* Begin PBXGroup section */
		E2177A571D01FC9F00E41116 /* ViewController */ = {
			isa = PBXGroup;
			children = (
				E2177A551D01F78800E41116 /* PostListTableViewController.swift */,
			);
			name = ViewController;
			sourceTree = "<group>";
		};
		E26BDD111CFF8A6400EE3526 = {
			isa = PBXGroup;
			children = (
				E26BDD1C1CFF8A6400EE3526 /* Post */,
				E26BDD1B1CFF8A6400EE3526 /* Products */,
			);
			sourceTree = "<group>";
		};
		E26BDD1B1CFF8A6400EE3526 /* Products */ = {
			isa = PBXGroup;
			children = (
				E26BDD1A1CFF8A6400EE3526 /* Post.app */,
			);
			name = Products;
			sourceTree = "<group>";
		};
		E26BDD1C1CFF8A6400EE3526 /* Post */ = {
			isa = PBXGroup;
			children = (
				E26BDD211CFF8A6400EE3526 /* Main.storyboard */,
				E26BDD1D1CFF8A6400EE3526 /* AppDelegate.swift */,
				E2177A571D01FC9F00E41116 /* ViewController */,
				E26BDD341CFF8EB700EE3526 /* Controllers */,
				E26BDD331CFF8EAA00EE3526 /* Model */,
				E26BDD241CFF8A6400EE3526 /* Assets.xcassets */,
				E26BDD261CFF8A6400EE3526 /* LaunchScreen.storyboard */,
				E26BDD291CFF8A6400EE3526 /* Info.plist */,
			);
			path = Post;
			sourceTree = "<group>";
		};
		E26BDD331CFF8EAA00EE3526 /* Model */ = {
			isa = PBXGroup;
			children = (
				E26BDD311CFF8EA300EE3526 /* Post.swift */,
			);
			name = Model;
			sourceTree = "<group>";
		};
		E26BDD341CFF8EB700EE3526 /* Controllers */ = {
			isa = PBXGroup;
			children = (
				E27C00E21D00E4A500D9F5FD /* PostController.swift */,
				E26BDD2F1CFF8C4400EE3526 /* Network Controller.swift */,
			);
			name = Controllers;
			sourceTree = "<group>";
		};
/* End PBXGroup section */

/* Begin PBXNativeTarget section */
		E26BDD191CFF8A6400EE3526 /* Post */ = {
			isa = PBXNativeTarget;
			buildConfigurationList = E26BDD2C1CFF8A6400EE3526 /* Build configuration list for PBXNativeTarget "Post" */;
			buildPhases = (
				E26BDD161CFF8A6400EE3526 /* Sources */,
				E26BDD171CFF8A6400EE3526 /* Frameworks */,
				E26BDD181CFF8A6400EE3526 /* Resources */,
			);
			buildRules = (
			);
			dependencies = (
			);
			name = Post;
			productName = Post;
			productReference = E26BDD1A1CFF8A6400EE3526 /* Post.app */;
			productType = "com.apple.product-type.application";
		};
/* End PBXNativeTarget section */

/* Begin PBXProject section */
		E26BDD121CFF8A6400EE3526 /* Project object */ = {
			isa = PBXProject;
			attributes = {
				LastSwiftUpdateCheck = 0730;
				LastUpgradeCheck = 0730;
				ORGANIZATIONNAME = "Hartley Development";
				TargetAttributes = {
					E26BDD191CFF8A6400EE3526 = {
						CreatedOnToolsVersion = 7.3;
					};
				};
			};
			buildConfigurationList = E26BDD151CFF8A6400EE3526 /* Build configuration list for PBXProject "Post" */;
			compatibilityVersion = "Xcode 3.2";
			developmentRegion = English;
			hasScannedForEncodings = 0;
			knownRegions = (
				en,
				Base,
			);
			mainGroup = E26BDD111CFF8A6400EE3526;
			productRefGroup = E26BDD1B1CFF8A6400EE3526 /* Products */;
			projectDirPath = "";
			projectRoot = "";
			targets = (
				E26BDD191CFF8A6400EE3526 /* Post */,
			);
		};
/* End PBXProject section */

/* Begin PBXResourcesBuildPhase section */
		E26BDD181CFF8A6400EE3526 /* Resources */ = {
			isa = PBXResourcesBuildPhase;
			buildActionMask = 2147483647;
			files = (
				E26BDD281CFF8A6400EE3526 /* LaunchScreen.storyboard in Resources */,
				E26BDD251CFF8A6400EE3526 /* Assets.xcassets in Resources */,
				E26BDD231CFF8A6400EE3526 /* Main.storyboard in Resources */,
			);
			runOnlyForDeploymentPostprocessing = 0;
		};
/* End PBXResourcesBuildPhase section */

/* Begin PBXSourcesBuildPhase section */
		E26BDD161CFF8A6400EE3526 /* Sources */ = {
			isa = PBXSourcesBuildPhase;
			buildActionMask = 2147483647;
			files = (
				E27C00E31D00E4A500D9F5FD /* PostController.swift in Sources */,
				E26BDD301CFF8C4400EE3526 /* Network Controller.swift in Sources */,
				E2177A561D01F78800E41116 /* PostListTableViewController.swift in Sources */,
				E26BDD1E1CFF8A6400EE3526 /* AppDelegate.swift in Sources */,
				E26BDD321CFF8EA300EE3526 /* Post.swift in Sources */,
			);
			runOnlyForDeploymentPostprocessing = 0;
		};
/* End PBXSourcesBuildPhase section */

/* Begin PBXVariantGroup section */
		E26BDD211CFF8A6400EE3526 /* Main.storyboard */ = {
			isa = PBXVariantGroup;
			children = (
				E26BDD221CFF8A6400EE3526 /* Base */,
			);
			name = Main.storyboard;
			sourceTree = "<group>";
		};
		E26BDD261CFF8A6400EE3526 /* LaunchScreen.storyboard */ = {
			isa = PBXVariantGroup;
			children = (
				E26BDD271CFF8A6400EE3526 /* Base */,
			);
			name = LaunchScreen.storyboard;
			sourceTree = "<group>";
		};
/* End PBXVariantGroup section */

/* Begin XCBuildConfiguration section */
		E26BDD2A1CFF8A6400EE3526 /* Debug */ = {
			isa = XCBuildConfiguration;
			buildSettings = {
				ALWAYS_SEARCH_USER_PATHS = NO;
				CLANG_ANALYZER_NONNULL = YES;
				CLANG_CXX_LANGUAGE_STANDARD = "gnu++0x";
				CLANG_CXX_LIBRARY = "libc++";
				CLANG_ENABLE_MODULES = YES;
				CLANG_ENABLE_OBJC_ARC = YES;
				CLANG_WARN_BOOL_CONVERSION = YES;
				CLANG_WARN_CONSTANT_CONVERSION = YES;
				CLANG_WARN_DIRECT_OBJC_ISA_USAGE = YES_ERROR;
				CLANG_WARN_EMPTY_BODY = YES;
				CLANG_WARN_ENUM_CONVERSION = YES;
				CLANG_WARN_INT_CONVERSION = YES;
				CLANG_WARN_OBJC_ROOT_CLASS = YES_ERROR;
				CLANG_WARN_UNREACHABLE_CODE = YES;
				CLANG_WARN__DUPLICATE_METHOD_MATCH = YES;
				"CODE_SIGN_IDENTITY[sdk=iphoneos*]" = "iPhone Developer";
				COPY_PHASE_STRIP = NO;
				DEBUG_INFORMATION_FORMAT = dwarf;
				ENABLE_STRICT_OBJC_MSGSEND = YES;
				ENABLE_TESTABILITY = YES;
				GCC_C_LANGUAGE_STANDARD = gnu99;
				GCC_DYNAMIC_NO_PIC = NO;
				GCC_NO_COMMON_BLOCKS = YES;
				GCC_OPTIMIZATION_LEVEL = 0;
				GCC_PREPROCESSOR_DEFINITIONS = (
					"DEBUG=1",
					"$(inherited)",
				);
				GCC_WARN_64_TO_32_BIT_CONVERSION = YES;
				GCC_WARN_ABOUT_RETURN_TYPE = YES_ERROR;
				GCC_WARN_UNDECLARED_SELECTOR = YES;
				GCC_WARN_UNINITIALIZED_AUTOS = YES_AGGRESSIVE;
				GCC_WARN_UNUSED_FUNCTION = YES;
				GCC_WARN_UNUSED_VARIABLE = YES;
				IPHONEOS_DEPLOYMENT_TARGET = 9.3;
				MTL_ENABLE_DEBUG_INFO = YES;
				ONLY_ACTIVE_ARCH = YES;
				SDKROOT = iphoneos;
				SWIFT_OPTIMIZATION_LEVEL = "-Onone";
				TARGETED_DEVICE_FAMILY = "1,2";
			};
			name = Debug;
		};
		E26BDD2B1CFF8A6400EE3526 /* Release */ = {
			isa = XCBuildConfiguration;
			buildSettings = {
				ALWAYS_SEARCH_USER_PATHS = NO;
				CLANG_ANALYZER_NONNULL = YES;
				CLANG_CXX_LANGUAGE_STANDARD = "gnu++0x";
				CLANG_CXX_LIBRARY = "libc++";
				CLANG_ENABLE_MODULES = YES;
				CLANG_ENABLE_OBJC_ARC = YES;
				CLANG_WARN_BOOL_CONVERSION = YES;
				CLANG_WARN_CONSTANT_CONVERSION = YES;
				CLANG_WARN_DIRECT_OBJC_ISA_USAGE = YES_ERROR;
				CLANG_WARN_EMPTY_BODY = YES;
				CLANG_WARN_ENUM_CONVERSION = YES;
				CLANG_WARN_INT_CONVERSION = YES;
				CLANG_WARN_OBJC_ROOT_CLASS = YES_ERROR;
				CLANG_WARN_UNREACHABLE_CODE = YES;
				CLANG_WARN__DUPLICATE_METHOD_MATCH = YES;
				"CODE_SIGN_IDENTITY[sdk=iphoneos*]" = "iPhone Developer";
				COPY_PHASE_STRIP = NO;
				DEBUG_INFORMATION_FORMAT = "dwarf-with-dsym";
				ENABLE_NS_ASSERTIONS = NO;
				ENABLE_STRICT_OBJC_MSGSEND = YES;
				GCC_C_LANGUAGE_STANDARD = gnu99;
				GCC_NO_COMMON_BLOCKS = YES;
				GCC_WARN_64_TO_32_BIT_CONVERSION = YES;
				GCC_WARN_ABOUT_RETURN_TYPE = YES_ERROR;
				GCC_WARN_UNDECLARED_SELECTOR = YES;
				GCC_WARN_UNINITIALIZED_AUTOS = YES_AGGRESSIVE;
				GCC_WARN_UNUSED_FUNCTION = YES;
				GCC_WARN_UNUSED_VARIABLE = YES;
				IPHONEOS_DEPLOYMENT_TARGET = 9.3;
				MTL_ENABLE_DEBUG_INFO = NO;
				SDKROOT = iphoneos;
				TARGETED_DEVICE_FAMILY = "1,2";
				VALIDATE_PRODUCT = YES;
			};
			name = Release;
		};
		E26BDD2D1CFF8A6400EE3526 /* Debug */ = {
			isa = XCBuildConfiguration;
			buildSettings = {
				ASSETCATALOG_COMPILER_APPICON_NAME = AppIcon;
				INFOPLIST_FILE = Post/Info.plist;
				LD_RUNPATH_SEARCH_PATHS = "$(inherited) @executable_path/Frameworks";
				PRODUCT_BUNDLE_IDENTIFIER = com.example.Post;
				PRODUCT_NAME = "$(TARGET_NAME)";
			};
			name = Debug;
		};
		E26BDD2E1CFF8A6400EE3526 /* Release */ = {
			isa = XCBuildConfiguration;
			buildSettings = {
				ASSETCATALOG_COMPILER_APPICON_NAME = AppIcon;
				INFOPLIST_FILE = Post/Info.plist;
				LD_RUNPATH_SEARCH_PATHS = "$(inherited) @executable_path/Frameworks";
				PRODUCT_BUNDLE_IDENTIFIER = com.example.Post;
				PRODUCT_NAME = "$(TARGET_NAME)";
			};
			name = Release;
		};
/* End XCBuildConfiguration section */

/* Begin XCConfigurationList section */
		E26BDD151CFF8A6400EE3526 /* Build configuration list for PBXProject "Post" */ = {
			isa = XCConfigurationList;
			buildConfigurations = (
				E26BDD2A1CFF8A6400EE3526 /* Debug */,
				E26BDD2B1CFF8A6400EE3526 /* Release */,
			);
			defaultConfigurationIsVisible = 0;
			defaultConfigurationName = Release;
		};
		E26BDD2C1CFF8A6400EE3526 /* Build configuration list for PBXNativeTarget "Post" */ = {
			isa = XCConfigurationList;
			buildConfigurations = (
				E26BDD2D1CFF8A6400EE3526 /* Debug */,
				E26BDD2E1CFF8A6400EE3526 /* Release */,
			);
			defaultConfigurationIsVisible = 0;
			defaultConfigurationName = Release;
		};
/* End XCConfigurationList section */
	};
	rootObject = E26BDD121CFF8A6400EE3526 /* Project object */;
}
